
Microsoft Visual Studio Solution File, Format Version 12.00
# Visual Studio Version 16
VisualStudioVersion = 16.0.29509.3
MinimumVisualStudioVersion = 10.0.40219.1
Project("{FAE04EC0-301F-11D3-BF4B-00C04F79EFBC}") = "MobilePhoneStore.Web", "MobilePhoneStore.Web\MobilePhoneStore.Web.csproj", "{FD21300E-4DC0-447D-B8E3-C21D0FE745A4}"
EndProject
Project("{FAE04EC0-301F-11D3-BF4B-00C04F79EFBC}") = "MobilePhoneStore.Models", "MobilePhoneStore.Models\MobilePhoneStore.Models.csproj", "{78B28559-004E-4A5B-8988-BECFF09BDE98}"
EndProject
Project("{FAE04EC0-301F-11D3-BF4B-00C04F79EFBC}") = "MobilePhoneStore.Services", "MobilePhoneStore.Services\MobilePhoneStore.Services.csproj", "{560F2EB1-8DE4-43C0-9163-126097ADC7EC}"
EndProject
Project("{FAE04EC0-301F-11D3-BF4B-00C04F79EFBC}") = "MobilePhoneStore.Repository", "MobilePhoneStore.Repository\MobilePhoneStore.Repository.csproj", "{4601F8B4-CA20-481C-84F8-01B585C82185}"
EndProject
Global
	GlobalSection(SolutionConfigurationPlatforms) = preSolution
		Debug|Any CPU = Debug|Any CPU
		Release|Any CPU = Release|Any CPU
	EndGlobalSection
	GlobalSection(ProjectConfigurationPlatforms) = postSolution
		{FD21300E-4DC0-447D-B8E3-C21D0FE745A4}.Debug|Any CPU.ActiveCfg = Debug|Any CPU
		{FD21300E-4DC0-447D-B8E3-C21D0FE745A4}.Debug|Any CPU.Build.0 = Debug|Any CPU
		{FD21300E-4DC0-447D-B8E3-C21D0FE745A4}.Release|Any CPU.ActiveCfg = Release|Any CPU
		{FD21300E-4DC0-447D-B8E3-C21D0FE745A4}.Release|Any CPU.Build.0 = Release|Any CPU
		{78B28559-004E-4A5B-8988-BECFF09BDE98}.Debug|Any CPU.ActiveCfg = Debug|Any CPU
		{78B28559-004E-4A5B-8988-BECFF09BDE98}.Debug|Any CPU.Build.0 = Debug|Any CPU
		{78B28559-004E-4A5B-8988-BECFF09BDE98}.Release|Any CPU.ActiveCfg = Release|Any CPU
		{78B28559-004E-4A5B-8988-BECFF09BDE98}.Release|Any CPU.Build.0 = Release|Any CPU
		{560F2EB1-8DE4-43C0-9163-126097ADC7EC}.Debug|Any CPU.ActiveCfg = Debug|Any CPU
		{560F2EB1-8DE4-43C0-9163-126097ADC7EC}.Debug|Any CPU.Build.0 = Debug|Any CPU
		{560F2EB1-8DE4-43C0-9163-126097ADC7EC}.Release|Any CPU.ActiveCfg = Release|Any CPU
		{560F2EB1-8DE4-43C0-9163-126097ADC7EC}.Release|Any CPU.Build.0 = Release|Any CPU
		{4601F8B4-CA20-481C-84F8-01B585C82185}.Debug|Any CPU.ActiveCfg = Debug|Any CPU
		{4601F8B4-CA20-481C-84F8-01B585C82185}.Debug|Any CPU.Build.0 = Debug|Any CPU
		{4601F8B4-CA20-481C-84F8-01B585C82185}.Release|Any CPU.ActiveCfg = Release|Any CPU
		{4601F8B4-CA20-481C-84F8-01B585C82185}.Release|Any CPU.Build.0 = Release|Any CPU
	EndGlobalSection
	GlobalSection(SolutionProperties) = preSolution
		HideSolutionNode = FALSE
	EndGlobalSection
	GlobalSection(ExtensibilityGlobals) = postSolution
		SolutionGuid = {C5CAB7C1-ABCF-4F05-B7C8-D205C608F296}
	EndGlobalSection
EndGlobal
